
Microsoft Visual Studio Solution File, Format Version 12.00
# Visual Studio Version 17
VisualStudioVersion = 17.14.36202.13 d17.14
MinimumVisualStudioVersion = 10.0.40219.1
Project("{FAE04EC0-301F-11D3-BF4B-00C04F79EFBC}") = "GestaoPedidosWpf", "GestaoPedidosWpf\GestaoPedidosWpf.csproj", "{1A6E69DD-1659-4D85-910B-9C9C97CD2562}"
EndProject
Global
	GlobalSection(SolutionConfigurationPlatforms) = preSolution
		Debug|Any CPU = Debug|Any CPU
		Release|Any CPU = Release|Any CPU
	EndGlobalSection
	GlobalSection(ProjectConfigurationPlatforms) = postSolution
		{1A6E69DD-1659-4D85-910B-9C9C97CD2562}.Debug|Any CPU.ActiveCfg = Debug|Any CPU
		{1A6E69DD-1659-4D85-910B-9C9C97CD2562}.Debug|Any CPU.Build.0 = Debug|Any CPU
		{1A6E69DD-1659-4D85-910B-9C9C97CD2562}.Release|Any CPU.ActiveCfg = Release|Any CPU
		{1A6E69DD-1659-4D85-910B-9C9C97CD2562}.Release|Any CPU.Build.0 = Release|Any CPU
	EndGlobalSection
	GlobalSection(SolutionProperties) = preSolution
		HideSolutionNode = FALSE
	EndGlobalSection
	GlobalSection(ExtensibilityGlobals) = postSolution
		SolutionGuid = {1E40677B-3096-4FF0-9A36-BAF39BCD8BEF}
	EndGlobalSection
EndGlobal
